
Microsoft Visual Studio Solution File, Format Version 12.00
Project("{FAE04EC0-301F-11D3-BF4B-00C04F79EFBC}") = "MockInterview.WebAPI", "src\MockInterview.WebAPI\MockInterview.WebAPI.csproj", "{B486FBD2-853C-4AEF-8A2C-0835817B27DA}"
EndProject
Project("{FAE04EC0-301F-11D3-BF4B-00C04F79EFBC}") = "MockInterview.Identity.Infrastructure", "src\Modules\Identity\MockInterview.Identity.Infrastructure\MockInterview.Identity.Infrastructure.csproj", "{C5D0595D-E620-4176-94C4-AD835393C5DE}"
EndProject
Project("{FAE04EC0-301F-11D3-BF4B-00C04F79EFBC}") = "MockInterview.Identity.Application", "src\Modules\Identity\MockInterview.Identity.Application\MockInterview.Identity.Application.csproj", "{167387FE-3CBC-45F2-B37C-07B09DF5E202}"
EndProject
Project("{FAE04EC0-301F-11D3-BF4B-00C04F79EFBC}") = "MockInterview.Identity.Domain", "src\Modules\Identity\MockInterview.Identity.Domain\MockInterview.Identity.Domain.csproj", "{7779B024-9856-4888-BF66-20B1D4407541}"
EndProject
Project("{2150E333-8FDC-42A3-9474-1A3956D46DE8}") = "src", "src", "{BBDA3BED-2ECE-41C1-ADF3-6934586EE77F}"
EndProject
Project("{2150E333-8FDC-42A3-9474-1A3956D46DE8}") = "tests", "tests", "{EFF1FA6A-6196-423C-941D-BD5D5668CB94}"
EndProject
Project("{FAE04EC0-301F-11D3-BF4B-00C04F79EFBC}") = "MockInterview.Identity.DataAccess", "src\Modules\Identity\MockInterview.Identity.DataAccess\MockInterview.Identity.DataAccess.csproj", "{32D6DCFA-0B44-48D8-97B1-4B3ABA6C4B81}"
EndProject
Project("{FAE04EC0-301F-11D3-BF4B-00C04F79EFBC}") = "MockInterview.Identity.API", "src\Modules\Identity\MockInterview.Identity.API\MockInterview.Identity.API.csproj", "{0ABC253F-1A3B-49D6-B87A-71C1EDB4950F}"
EndProject
Project("{2150E333-8FDC-42A3-9474-1A3956D46DE8}") = "Modules", "Modules", "{CB07D892-5AF0-417B-A66A-AE3F147C82B6}"
EndProject
Project("{2150E333-8FDC-42A3-9474-1A3956D46DE8}") = "Identity", "Identity", "{DC307E41-37BA-4153-A3AE-97B3EC3D75AB}"
EndProject
Project("{FAE04EC0-301F-11D3-BF4B-00C04F79EFBC}") = "Shared.Core", "src\Shared\Shared.Core\Shared.Core.csproj", "{0BA6E167-22E9-4FAA-A238-DD7DF39B228A}"
EndProject
Project("{2150E333-8FDC-42A3-9474-1A3956D46DE8}") = "Shared", "Shared", "{D96F9716-972D-48AE-BD52-EB87ED433401}"
EndProject
Project("{FAE04EC0-301F-11D3-BF4B-00C04F79EFBC}") = "Shared.Domain", "src\Shared\Shared.Domain\Shared.Domain.csproj", "{E47DECB4-2994-4ECA-8010-7244DBB83A68}"
EndProject
Project("{FAE04EC0-301F-11D3-BF4B-00C04F79EFBC}") = "Shared.Persistence.EfCore", "src\Shared\Shared.Persistence.EfCore\Shared.Persistence.EfCore.csproj", "{C94BFEE0-0437-4541-B704-B3FB3CBE7F1D}"
EndProject
Project("{FAE04EC0-301F-11D3-BF4B-00C04F79EFBC}") = "Shared.Security", "src\Shared\Shared.Security\Shared.Security.csproj", "{B5E5A8D0-D470-4A90-B16F-AAB32B0482C9}"
EndProject
Project("{2150E333-8FDC-42A3-9474-1A3956D46DE8}") = "Matchmaking", "Matchmaking", "{0CADA149-13F9-49D3-8E04-54540DF09D57}"
EndProject
Project("{FAE04EC0-301F-11D3-BF4B-00C04F79EFBC}") = "MockInterview.Matchmaking.API", "src\Modules\Matchmaking\MockInterview.Matchmaking.API\MockInterview.Matchmaking.API.csproj", "{D727AA62-6ED1-408E-8D3F-A00DB930A2A4}"
EndProject
Project("{FAE04EC0-301F-11D3-BF4B-00C04F79EFBC}") = "MockInterview.Matchmaking.Domain", "src\Modules\Matchmaking\MockInterview.Matchmaking.Domain\MockInterview.Matchmaking.Domain.csproj", "{AD6513DD-791D-446C-9E0E-FC171D2F0C17}"
EndProject
Project("{FAE04EC0-301F-11D3-BF4B-00C04F79EFBC}") = "MockInterview.Matchmaking.Application", "src\Modules\Matchmaking\MockInterview.Matchmaking.Application\MockInterview.Matchmaking.Application.csproj", "{CED7546A-9527-4D79-8073-49249D3DD413}"
EndProject
Project("{FAE04EC0-301F-11D3-BF4B-00C04F79EFBC}") = "MockInterview.Matchmaking.Infrastructure", "src\Modules\Matchmaking\MockInterview.Matchmaking.Infrastructure\MockInterview.Matchmaking.Infrastructure.csproj", "{EC12C9E1-4E8E-4365-9E3C-C1DA1C7FBA2F}"
EndProject
Project("{FAE04EC0-301F-11D3-BF4B-00C04F79EFBC}") = "MockInterview.Identity.Contracts", "src\Modules\Identity\MockInterview.Identity.Contracts\MockInterview.Identity.Contracts.csproj", "{2FB290F5-B43A-4EE9-9707-ACB6CB60A989}"
EndProject
Project("{FAE04EC0-301F-11D3-BF4B-00C04F79EFBC}") = "Shared.Messaging", "src\Shared\Shared.Messaging\Shared.Messaging.csproj", "{B1BCED56-8772-4BF1-A607-C56125F88FC4}"
EndProject
Project("{FAE04EC0-301F-11D3-BF4B-00C04F79EFBC}") = "Shared.Persistence.Neo4j", "src\Shared\Shared.Persistence.Neo4j\Shared.Persistence.Neo4j.csproj", "{91C6AB6C-64F4-4391-B83E-07BE054EABC8}"
EndProject
Project("{FAE04EC0-301F-11D3-BF4B-00C04F79EFBC}") = "MockInterview.Matchmaking.Contracts", "src\Modules\Matchmaking\MockInterview.Matchmaking.Contracts\MockInterview.Matchmaking.Contracts.csproj", "{5FB09BC2-A82D-45D5-B458-97B435A22366}"
EndProject
Project("{2150E333-8FDC-42A3-9474-1A3956D46DE8}") = "Interview", "Interview", "{53261DB5-909B-4519-895B-F79F3063B54D}"
EndProject
Project("{FAE04EC0-301F-11D3-BF4B-00C04F79EFBC}") = "MockInterview.Interviews.Application", "src\Modules\Interview\MockInterview.Interviews.Application\MockInterview.Interviews.Application.csproj", "{DE64B62D-D75F-4FFA-95AC-84DA4D345D76}"
EndProject
Project("{FAE04EC0-301F-11D3-BF4B-00C04F79EFBC}") = "MockInterview.Interviews.API", "src\Modules\Interview\MockInterview.Interviews.API\MockInterview.Interviews.API.csproj", "{83718560-B08C-44C5-9C67-2B5BF6B04F6C}"
EndProject
Project("{FAE04EC0-301F-11D3-BF4B-00C04F79EFBC}") = "Shared.Scheduler", "src\Shared\Shared.Scheduler\Shared.Scheduler.csproj", "{55FC5600-5E96-4220-B20B-142E78B250FB}"
EndProject
Project("{2150E333-8FDC-42A3-9474-1A3956D46DE8}") = "Libraries", "Libraries", "{C677C499-9E46-4FB3-BFBC-A4A08E5FCC43}"
EndProject
Project("{FAE04EC0-301F-11D3-BF4B-00C04F79EFBC}") = "MatchingGraph", "src\Libraries\MatchingGraph\MatchingGraph.csproj", "{81A6A584-BF02-4C21-8A8D-2A2109B9552F}"
EndProject
Project("{FAE04EC0-301F-11D3-BF4B-00C04F79EFBC}") = "MockInterview.MatchingGraph.UnitTests", "tests\MockInterview.MatchingGraph.UnitTests\MockInterview.MatchingGraph.UnitTests.csproj", "{4848F7BB-B877-47B0-BDD6-9E743CBEA6D1}"
EndProject
Project("{2150E333-8FDC-42A3-9474-1A3956D46DE8}") = "Orchestrators", "Orchestrators", "{AC061F4F-4951-46D0-936A-C6F07FE9F768}"
EndProject
Project("{FAE04EC0-301F-11D3-BF4B-00C04F79EFBC}") = "MockInterview.InterviewOrchestrator", "src\Orchestrators\MockInterview.InterviewOrchestrator\MockInterview.InterviewOrchestrator.csproj", "{8E8DF4E7-07E5-46D5-A992-FB1B493F5968}"
EndProject
Project("{FAE04EC0-301F-11D3-BF4B-00C04F79EFBC}") = "MockInterview.Interviews.Contracts", "src\Modules\Interview\MockInterview.Interviews.Contracts\MockInterview.Interviews.Contracts.csproj", "{EAE578E5-F95D-49F7-AA50-16D468E6435E}"
EndProject
Project("{FAE04EC0-301F-11D3-BF4B-00C04F79EFBC}") = "MockInterview.Interviews.Infrastructure", "src\Modules\Interview\MockInterview.Interviews.Infrastructure\MockInterview.Interviews.Infrastructure.csproj", "{6651CAC9-5DF4-4798-A472-A1A217AA5291}"
EndProject
Project("{FAE04EC0-301F-11D3-BF4B-00C04F79EFBC}") = "MockInterview.Interviews.Domain", "src\Modules\Interview\MockInterview.Interviews.Domain\MockInterview.Interviews.Domain.csproj", "{9DFEEF33-6CC6-4FA8-A306-E002696D1757}"
EndProject
Project("{FAE04EC0-301F-11D3-BF4B-00C04F79EFBC}") = "Shared.MongoDB", "src\Shared\Shared.MongoDB\Shared.MongoDB.csproj", "{D62505AF-6E85-4527-A3DE-D787435DF606}"
EndProject
Project("{FAE04EC0-301F-11D3-BF4B-00C04F79EFBC}") = "MockInterview.Interviews.DataAccess", "src\Modules\Interview\MockInterview.Interviews.DataAccess\MockInterview.Interviews.DataAccess.csproj", "{67DCA6A9-F87E-489C-A05D-7994A3B6FBCF}"
EndProject
Project("{FAE04EC0-301F-11D3-BF4B-00C04F79EFBC}") = "Shared.Persistence.Redis", "src\Shared\Shared.Persistence.Redis\Shared.Persistence.Redis.csproj", "{D1AA3798-3112-4673-9EEC-69A0C58023B0}"
EndProject
Global
	GlobalSection(SolutionConfigurationPlatforms) = preSolution
		Debug|Any CPU = Debug|Any CPU
		Release|Any CPU = Release|Any CPU
	EndGlobalSection
	GlobalSection(ProjectConfigurationPlatforms) = postSolution
		{B486FBD2-853C-4AEF-8A2C-0835817B27DA}.Debug|Any CPU.ActiveCfg = Debug|Any CPU
		{B486FBD2-853C-4AEF-8A2C-0835817B27DA}.Debug|Any CPU.Build.0 = Debug|Any CPU
		{B486FBD2-853C-4AEF-8A2C-0835817B27DA}.Release|Any CPU.ActiveCfg = Release|Any CPU
		{B486FBD2-853C-4AEF-8A2C-0835817B27DA}.Release|Any CPU.Build.0 = Release|Any CPU
		{C5D0595D-E620-4176-94C4-AD835393C5DE}.Debug|Any CPU.ActiveCfg = Debug|Any CPU
		{C5D0595D-E620-4176-94C4-AD835393C5DE}.Debug|Any CPU.Build.0 = Debug|Any CPU
		{C5D0595D-E620-4176-94C4-AD835393C5DE}.Release|Any CPU.ActiveCfg = Release|Any CPU
		{C5D0595D-E620-4176-94C4-AD835393C5DE}.Release|Any CPU.Build.0 = Release|Any CPU
		{167387FE-3CBC-45F2-B37C-07B09DF5E202}.Debug|Any CPU.ActiveCfg = Debug|Any CPU
		{167387FE-3CBC-45F2-B37C-07B09DF5E202}.Debug|Any CPU.Build.0 = Debug|Any CPU
		{167387FE-3CBC-45F2-B37C-07B09DF5E202}.Release|Any CPU.ActiveCfg = Release|Any CPU
		{167387FE-3CBC-45F2-B37C-07B09DF5E202}.Release|Any CPU.Build.0 = Release|Any CPU
		{7779B024-9856-4888-BF66-20B1D4407541}.Debug|Any CPU.ActiveCfg = Debug|Any CPU
		{7779B024-9856-4888-BF66-20B1D4407541}.Debug|Any CPU.Build.0 = Debug|Any CPU
		{7779B024-9856-4888-BF66-20B1D4407541}.Release|Any CPU.ActiveCfg = Release|Any CPU
		{7779B024-9856-4888-BF66-20B1D4407541}.Release|Any CPU.Build.0 = Release|Any CPU
		{32D6DCFA-0B44-48D8-97B1-4B3ABA6C4B81}.Debug|Any CPU.ActiveCfg = Debug|Any CPU
		{32D6DCFA-0B44-48D8-97B1-4B3ABA6C4B81}.Debug|Any CPU.Build.0 = Debug|Any CPU
		{32D6DCFA-0B44-48D8-97B1-4B3ABA6C4B81}.Release|Any CPU.ActiveCfg = Release|Any CPU
		{32D6DCFA-0B44-48D8-97B1-4B3ABA6C4B81}.Release|Any CPU.Build.0 = Release|Any CPU
		{0ABC253F-1A3B-49D6-B87A-71C1EDB4950F}.Debug|Any CPU.ActiveCfg = Debug|Any CPU
		{0ABC253F-1A3B-49D6-B87A-71C1EDB4950F}.Debug|Any CPU.Build.0 = Debug|Any CPU
		{0ABC253F-1A3B-49D6-B87A-71C1EDB4950F}.Release|Any CPU.ActiveCfg = Release|Any CPU
		{0ABC253F-1A3B-49D6-B87A-71C1EDB4950F}.Release|Any CPU.Build.0 = Release|Any CPU
		{0BA6E167-22E9-4FAA-A238-DD7DF39B228A}.Debug|Any CPU.ActiveCfg = Debug|Any CPU
		{0BA6E167-22E9-4FAA-A238-DD7DF39B228A}.Debug|Any CPU.Build.0 = Debug|Any CPU
		{0BA6E167-22E9-4FAA-A238-DD7DF39B228A}.Release|Any CPU.ActiveCfg = Release|Any CPU
		{0BA6E167-22E9-4FAA-A238-DD7DF39B228A}.Release|Any CPU.Build.0 = Release|Any CPU
		{E47DECB4-2994-4ECA-8010-7244DBB83A68}.Debug|Any CPU.ActiveCfg = Debug|Any CPU
		{E47DECB4-2994-4ECA-8010-7244DBB83A68}.Debug|Any CPU.Build.0 = Debug|Any CPU
		{E47DECB4-2994-4ECA-8010-7244DBB83A68}.Release|Any CPU.ActiveCfg = Release|Any CPU
		{E47DECB4-2994-4ECA-8010-7244DBB83A68}.Release|Any CPU.Build.0 = Release|Any CPU
		{C94BFEE0-0437-4541-B704-B3FB3CBE7F1D}.Debug|Any CPU.ActiveCfg = Debug|Any CPU
		{C94BFEE0-0437-4541-B704-B3FB3CBE7F1D}.Debug|Any CPU.Build.0 = Debug|Any CPU
		{C94BFEE0-0437-4541-B704-B3FB3CBE7F1D}.Release|Any CPU.ActiveCfg = Release|Any CPU
		{C94BFEE0-0437-4541-B704-B3FB3CBE7F1D}.Release|Any CPU.Build.0 = Release|Any CPU
		{B5E5A8D0-D470-4A90-B16F-AAB32B0482C9}.Debug|Any CPU.ActiveCfg = Debug|Any CPU
		{B5E5A8D0-D470-4A90-B16F-AAB32B0482C9}.Debug|Any CPU.Build.0 = Debug|Any CPU
		{B5E5A8D0-D470-4A90-B16F-AAB32B0482C9}.Release|Any CPU.ActiveCfg = Release|Any CPU
		{B5E5A8D0-D470-4A90-B16F-AAB32B0482C9}.Release|Any CPU.Build.0 = Release|Any CPU
		{D727AA62-6ED1-408E-8D3F-A00DB930A2A4}.Debug|Any CPU.ActiveCfg = Debug|Any CPU
		{D727AA62-6ED1-408E-8D3F-A00DB930A2A4}.Debug|Any CPU.Build.0 = Debug|Any CPU
		{D727AA62-6ED1-408E-8D3F-A00DB930A2A4}.Release|Any CPU.ActiveCfg = Release|Any CPU
		{D727AA62-6ED1-408E-8D3F-A00DB930A2A4}.Release|Any CPU.Build.0 = Release|Any CPU
		{AD6513DD-791D-446C-9E0E-FC171D2F0C17}.Debug|Any CPU.ActiveCfg = Debug|Any CPU
		{AD6513DD-791D-446C-9E0E-FC171D2F0C17}.Debug|Any CPU.Build.0 = Debug|Any CPU
		{AD6513DD-791D-446C-9E0E-FC171D2F0C17}.Release|Any CPU.ActiveCfg = Release|Any CPU
		{AD6513DD-791D-446C-9E0E-FC171D2F0C17}.Release|Any CPU.Build.0 = Release|Any CPU
		{CED7546A-9527-4D79-8073-49249D3DD413}.Debug|Any CPU.ActiveCfg = Debug|Any CPU
		{CED7546A-9527-4D79-8073-49249D3DD413}.Debug|Any CPU.Build.0 = Debug|Any CPU
		{CED7546A-9527-4D79-8073-49249D3DD413}.Release|Any CPU.ActiveCfg = Release|Any CPU
		{CED7546A-9527-4D79-8073-49249D3DD413}.Release|Any CPU.Build.0 = Release|Any CPU
		{EC12C9E1-4E8E-4365-9E3C-C1DA1C7FBA2F}.Debug|Any CPU.ActiveCfg = Debug|Any CPU
		{EC12C9E1-4E8E-4365-9E3C-C1DA1C7FBA2F}.Debug|Any CPU.Build.0 = Debug|Any CPU
		{EC12C9E1-4E8E-4365-9E3C-C1DA1C7FBA2F}.Release|Any CPU.ActiveCfg = Release|Any CPU
		{EC12C9E1-4E8E-4365-9E3C-C1DA1C7FBA2F}.Release|Any CPU.Build.0 = Release|Any CPU
		{2FB290F5-B43A-4EE9-9707-ACB6CB60A989}.Debug|Any CPU.ActiveCfg = Debug|Any CPU
		{2FB290F5-B43A-4EE9-9707-ACB6CB60A989}.Debug|Any CPU.Build.0 = Debug|Any CPU
		{2FB290F5-B43A-4EE9-9707-ACB6CB60A989}.Release|Any CPU.ActiveCfg = Release|Any CPU
		{2FB290F5-B43A-4EE9-9707-ACB6CB60A989}.Release|Any CPU.Build.0 = Release|Any CPU
		{B1BCED56-8772-4BF1-A607-C56125F88FC4}.Debug|Any CPU.ActiveCfg = Debug|Any CPU
		{B1BCED56-8772-4BF1-A607-C56125F88FC4}.Debug|Any CPU.Build.0 = Debug|Any CPU
		{B1BCED56-8772-4BF1-A607-C56125F88FC4}.Release|Any CPU.ActiveCfg = Release|Any CPU
		{B1BCED56-8772-4BF1-A607-C56125F88FC4}.Release|Any CPU.Build.0 = Release|Any CPU
		{91C6AB6C-64F4-4391-B83E-07BE054EABC8}.Debug|Any CPU.ActiveCfg = Debug|Any CPU
		{91C6AB6C-64F4-4391-B83E-07BE054EABC8}.Debug|Any CPU.Build.0 = Debug|Any CPU
		{91C6AB6C-64F4-4391-B83E-07BE054EABC8}.Release|Any CPU.ActiveCfg = Release|Any CPU
		{91C6AB6C-64F4-4391-B83E-07BE054EABC8}.Release|Any CPU.Build.0 = Release|Any CPU
		{5FB09BC2-A82D-45D5-B458-97B435A22366}.Debug|Any CPU.ActiveCfg = Debug|Any CPU
		{5FB09BC2-A82D-45D5-B458-97B435A22366}.Debug|Any CPU.Build.0 = Debug|Any CPU
		{5FB09BC2-A82D-45D5-B458-97B435A22366}.Release|Any CPU.ActiveCfg = Release|Any CPU
		{5FB09BC2-A82D-45D5-B458-97B435A22366}.Release|Any CPU.Build.0 = Release|Any CPU
		{DE64B62D-D75F-4FFA-95AC-84DA4D345D76}.Debug|Any CPU.ActiveCfg = Debug|Any CPU
		{DE64B62D-D75F-4FFA-95AC-84DA4D345D76}.Debug|Any CPU.Build.0 = Debug|Any CPU
		{DE64B62D-D75F-4FFA-95AC-84DA4D345D76}.Release|Any CPU.ActiveCfg = Release|Any CPU
		{DE64B62D-D75F-4FFA-95AC-84DA4D345D76}.Release|Any CPU.Build.0 = Release|Any CPU
		{83718560-B08C-44C5-9C67-2B5BF6B04F6C}.Debug|Any CPU.ActiveCfg = Debug|Any CPU
		{83718560-B08C-44C5-9C67-2B5BF6B04F6C}.Debug|Any CPU.Build.0 = Debug|Any CPU
		{83718560-B08C-44C5-9C67-2B5BF6B04F6C}.Release|Any CPU.ActiveCfg = Release|Any CPU
		{83718560-B08C-44C5-9C67-2B5BF6B04F6C}.Release|Any CPU.Build.0 = Release|Any CPU
		{55FC5600-5E96-4220-B20B-142E78B250FB}.Debug|Any CPU.ActiveCfg = Debug|Any CPU
		{55FC5600-5E96-4220-B20B-142E78B250FB}.Debug|Any CPU.Build.0 = Debug|Any CPU
		{55FC5600-5E96-4220-B20B-142E78B250FB}.Release|Any CPU.ActiveCfg = Release|Any CPU
		{55FC5600-5E96-4220-B20B-142E78B250FB}.Release|Any CPU.Build.0 = Release|Any CPU
		{81A6A584-BF02-4C21-8A8D-2A2109B9552F}.Debug|Any CPU.ActiveCfg = Debug|Any CPU
		{81A6A584-BF02-4C21-8A8D-2A2109B9552F}.Debug|Any CPU.Build.0 = Debug|Any CPU
		{81A6A584-BF02-4C21-8A8D-2A2109B9552F}.Release|Any CPU.ActiveCfg = Release|Any CPU
		{81A6A584-BF02-4C21-8A8D-2A2109B9552F}.Release|Any CPU.Build.0 = Release|Any CPU
		{4848F7BB-B877-47B0-BDD6-9E743CBEA6D1}.Debug|Any CPU.ActiveCfg = Debug|Any CPU
		{4848F7BB-B877-47B0-BDD6-9E743CBEA6D1}.Debug|Any CPU.Build.0 = Debug|Any CPU
		{4848F7BB-B877-47B0-BDD6-9E743CBEA6D1}.Release|Any CPU.ActiveCfg = Release|Any CPU
		{4848F7BB-B877-47B0-BDD6-9E743CBEA6D1}.Release|Any CPU.Build.0 = Release|Any CPU
		{8E8DF4E7-07E5-46D5-A992-FB1B493F5968}.Debug|Any CPU.ActiveCfg = Debug|Any CPU
		{8E8DF4E7-07E5-46D5-A992-FB1B493F5968}.Debug|Any CPU.Build.0 = Debug|Any CPU
		{8E8DF4E7-07E5-46D5-A992-FB1B493F5968}.Release|Any CPU.ActiveCfg = Release|Any CPU
		{8E8DF4E7-07E5-46D5-A992-FB1B493F5968}.Release|Any CPU.Build.0 = Release|Any CPU
		{EAE578E5-F95D-49F7-AA50-16D468E6435E}.Debug|Any CPU.ActiveCfg = Debug|Any CPU
		{EAE578E5-F95D-49F7-AA50-16D468E6435E}.Debug|Any CPU.Build.0 = Debug|Any CPU
		{EAE578E5-F95D-49F7-AA50-16D468E6435E}.Release|Any CPU.ActiveCfg = Release|Any CPU
		{EAE578E5-F95D-49F7-AA50-16D468E6435E}.Release|Any CPU.Build.0 = Release|Any CPU
		{6651CAC9-5DF4-4798-A472-A1A217AA5291}.Debug|Any CPU.ActiveCfg = Debug|Any CPU
		{6651CAC9-5DF4-4798-A472-A1A217AA5291}.Debug|Any CPU.Build.0 = Debug|Any CPU
		{6651CAC9-5DF4-4798-A472-A1A217AA5291}.Release|Any CPU.ActiveCfg = Release|Any CPU
		{6651CAC9-5DF4-4798-A472-A1A217AA5291}.Release|Any CPU.Build.0 = Release|Any CPU
		{9DFEEF33-6CC6-4FA8-A306-E002696D1757}.Debug|Any CPU.ActiveCfg = Debug|Any CPU
		{9DFEEF33-6CC6-4FA8-A306-E002696D1757}.Debug|Any CPU.Build.0 = Debug|Any CPU
		{9DFEEF33-6CC6-4FA8-A306-E002696D1757}.Release|Any CPU.ActiveCfg = Release|Any CPU
		{9DFEEF33-6CC6-4FA8-A306-E002696D1757}.Release|Any CPU.Build.0 = Release|Any CPU
		{D62505AF-6E85-4527-A3DE-D787435DF606}.Debug|Any CPU.ActiveCfg = Debug|Any CPU
		{D62505AF-6E85-4527-A3DE-D787435DF606}.Debug|Any CPU.Build.0 = Debug|Any CPU
		{D62505AF-6E85-4527-A3DE-D787435DF606}.Release|Any CPU.ActiveCfg = Release|Any CPU
		{D62505AF-6E85-4527-A3DE-D787435DF606}.Release|Any CPU.Build.0 = Release|Any CPU
		{67DCA6A9-F87E-489C-A05D-7994A3B6FBCF}.Debug|Any CPU.ActiveCfg = Debug|Any CPU
		{67DCA6A9-F87E-489C-A05D-7994A3B6FBCF}.Debug|Any CPU.Build.0 = Debug|Any CPU
		{67DCA6A9-F87E-489C-A05D-7994A3B6FBCF}.Release|Any CPU.ActiveCfg = Release|Any CPU
		{67DCA6A9-F87E-489C-A05D-7994A3B6FBCF}.Release|Any CPU.Build.0 = Release|Any CPU
		{D1AA3798-3112-4673-9EEC-69A0C58023B0}.Debug|Any CPU.ActiveCfg = Debug|Any CPU
		{D1AA3798-3112-4673-9EEC-69A0C58023B0}.Debug|Any CPU.Build.0 = Debug|Any CPU
		{D1AA3798-3112-4673-9EEC-69A0C58023B0}.Release|Any CPU.ActiveCfg = Release|Any CPU
		{D1AA3798-3112-4673-9EEC-69A0C58023B0}.Release|Any CPU.Build.0 = Release|Any CPU
	EndGlobalSection
	GlobalSection(NestedProjects) = preSolution
		{B486FBD2-853C-4AEF-8A2C-0835817B27DA} = {BBDA3BED-2ECE-41C1-ADF3-6934586EE77F}
		{CB07D892-5AF0-417B-A66A-AE3F147C82B6} = {BBDA3BED-2ECE-41C1-ADF3-6934586EE77F}
		{DC307E41-37BA-4153-A3AE-97B3EC3D75AB} = {CB07D892-5AF0-417B-A66A-AE3F147C82B6}
		{0ABC253F-1A3B-49D6-B87A-71C1EDB4950F} = {DC307E41-37BA-4153-A3AE-97B3EC3D75AB}
		{167387FE-3CBC-45F2-B37C-07B09DF5E202} = {DC307E41-37BA-4153-A3AE-97B3EC3D75AB}
		{32D6DCFA-0B44-48D8-97B1-4B3ABA6C4B81} = {DC307E41-37BA-4153-A3AE-97B3EC3D75AB}
		{7779B024-9856-4888-BF66-20B1D4407541} = {DC307E41-37BA-4153-A3AE-97B3EC3D75AB}
		{C5D0595D-E620-4176-94C4-AD835393C5DE} = {DC307E41-37BA-4153-A3AE-97B3EC3D75AB}
		{D96F9716-972D-48AE-BD52-EB87ED433401} = {BBDA3BED-2ECE-41C1-ADF3-6934586EE77F}
		{0BA6E167-22E9-4FAA-A238-DD7DF39B228A} = {D96F9716-972D-48AE-BD52-EB87ED433401}
		{E47DECB4-2994-4ECA-8010-7244DBB83A68} = {D96F9716-972D-48AE-BD52-EB87ED433401}
		{C94BFEE0-0437-4541-B704-B3FB3CBE7F1D} = {D96F9716-972D-48AE-BD52-EB87ED433401}
		{B5E5A8D0-D470-4A90-B16F-AAB32B0482C9} = {D96F9716-972D-48AE-BD52-EB87ED433401}
		{0CADA149-13F9-49D3-8E04-54540DF09D57} = {CB07D892-5AF0-417B-A66A-AE3F147C82B6}
		{D727AA62-6ED1-408E-8D3F-A00DB930A2A4} = {0CADA149-13F9-49D3-8E04-54540DF09D57}
		{AD6513DD-791D-446C-9E0E-FC171D2F0C17} = {0CADA149-13F9-49D3-8E04-54540DF09D57}
		{CED7546A-9527-4D79-8073-49249D3DD413} = {0CADA149-13F9-49D3-8E04-54540DF09D57}
		{EC12C9E1-4E8E-4365-9E3C-C1DA1C7FBA2F} = {0CADA149-13F9-49D3-8E04-54540DF09D57}
		{2FB290F5-B43A-4EE9-9707-ACB6CB60A989} = {DC307E41-37BA-4153-A3AE-97B3EC3D75AB}
		{B1BCED56-8772-4BF1-A607-C56125F88FC4} = {D96F9716-972D-48AE-BD52-EB87ED433401}
		{91C6AB6C-64F4-4391-B83E-07BE054EABC8} = {D96F9716-972D-48AE-BD52-EB87ED433401}
		{5FB09BC2-A82D-45D5-B458-97B435A22366} = {0CADA149-13F9-49D3-8E04-54540DF09D57}
		{53261DB5-909B-4519-895B-F79F3063B54D} = {CB07D892-5AF0-417B-A66A-AE3F147C82B6}
		{DE64B62D-D75F-4FFA-95AC-84DA4D345D76} = {53261DB5-909B-4519-895B-F79F3063B54D}
		{83718560-B08C-44C5-9C67-2B5BF6B04F6C} = {53261DB5-909B-4519-895B-F79F3063B54D}
		{55FC5600-5E96-4220-B20B-142E78B250FB} = {D96F9716-972D-48AE-BD52-EB87ED433401}
		{C677C499-9E46-4FB3-BFBC-A4A08E5FCC43} = {BBDA3BED-2ECE-41C1-ADF3-6934586EE77F}
		{81A6A584-BF02-4C21-8A8D-2A2109B9552F} = {C677C499-9E46-4FB3-BFBC-A4A08E5FCC43}
		{4848F7BB-B877-47B0-BDD6-9E743CBEA6D1} = {EFF1FA6A-6196-423C-941D-BD5D5668CB94}
		{AC061F4F-4951-46D0-936A-C6F07FE9F768} = {BBDA3BED-2ECE-41C1-ADF3-6934586EE77F}
		{8E8DF4E7-07E5-46D5-A992-FB1B493F5968} = {AC061F4F-4951-46D0-936A-C6F07FE9F768}
		{EAE578E5-F95D-49F7-AA50-16D468E6435E} = {53261DB5-909B-4519-895B-F79F3063B54D}
		{6651CAC9-5DF4-4798-A472-A1A217AA5291} = {53261DB5-909B-4519-895B-F79F3063B54D}
		{9DFEEF33-6CC6-4FA8-A306-E002696D1757} = {53261DB5-909B-4519-895B-F79F3063B54D}
		{D62505AF-6E85-4527-A3DE-D787435DF606} = {D96F9716-972D-48AE-BD52-EB87ED433401}
		{67DCA6A9-F87E-489C-A05D-7994A3B6FBCF} = {53261DB5-909B-4519-895B-F79F3063B54D}
		{D1AA3798-3112-4673-9EEC-69A0C58023B0} = {D96F9716-972D-48AE-BD52-EB87ED433401}
	EndGlobalSection
EndGlobal
